
Microsoft Visual Studio Solution File, Format Version 12.00
# Visual Studio Version 16
VisualStudioVersion = 16.0.31702.278
MinimumVisualStudioVersion = 10.0.40219.1
Project("{FAE04EC0-301F-11D3-BF4B-00C04F79EFBC}") = "ClimaTempo", "ClimaTempo\ClimaTempo.csproj", "{527C4B04-256E-4B9E-A883-8BD6DF4A2223}"
EndProject
Global
	GlobalSection(SolutionConfigurationPlatforms) = preSolution
		Debug|Any CPU = Debug|Any CPU
		Release|Any CPU = Release|Any CPU
	EndGlobalSection
	GlobalSection(ProjectConfigurationPlatforms) = postSolution
		{527C4B04-256E-4B9E-A883-8BD6DF4A2223}.Debug|Any CPU.ActiveCfg = Debug|Any CPU
		{527C4B04-256E-4B9E-A883-8BD6DF4A2223}.Debug|Any CPU.Build.0 = Debug|Any CPU
		{527C4B04-256E-4B9E-A883-8BD6DF4A2223}.Release|Any CPU.ActiveCfg = Release|Any CPU
		{527C4B04-256E-4B9E-A883-8BD6DF4A2223}.Release|Any CPU.Build.0 = Release|Any CPU
	EndGlobalSection
	GlobalSection(SolutionProperties) = preSolution
		HideSolutionNode = FALSE
	EndGlobalSection
	GlobalSection(ExtensibilityGlobals) = postSolution
		SolutionGuid = {EAE3A545-5720-451A-9D0F-3DED22FB96BC}
	EndGlobalSection
EndGlobal
